<?xml version="1.0" encoding="utf-8"?>
<Project ToolsVersion="4.0" xmlns="http://schemas.microsoft.com/developer/msbuild/2003">
  <ItemGroup>
    <Filter Include="Source Files">
      <UniqueIdentifier>{4FC737F1-C7A5-4376-A066-2A32D752A2FF}</UniqueIdentifier>
      <Extensions>cpp;c;cc;cxx;c++;cppm;ixx;def;odl;idl;hpj;bat;asm;asmx</Extensions>
    </Filter>
    <Filter Include="Header Files">
      <UniqueIdentifier>{93995380-89BD-4b04-88EB-625FBE52EBFB}</UniqueIdentifier>
      <Extensions>h;hh;hpp;hxx;h++;hm;inl;inc;ipp;xsd</Extensions>
    </Filter>
    <Filter Include="Resource Files">
      <UniqueIdentifier>{67DA6AB6-F800-4c08-8B7A-83BB121AAD01}</UniqueIdentifier>
      <Extensions>rc;ico;cur;bmp;dlg;rc2;rct;bin;rgs;gif;jpg;jpeg;jpe;resx;tiff;tif;png;wav;mfcribbon-ms</Extensions>
    </Filter>
    <Filter Include="Header Files\ShapeClasses">
      <UniqueIdentifier>{f935e81e-3fc9-45fb-ab20-76f672a6ce04}</UniqueIdentifier>
    </Filter>
    <Filter Include="Source Files\ShapeClasses">
      <UniqueIdentifier>{d3e43b92-e926-41ad-8bd5-e3a881205004}</UniqueIdentifier>
    </Filter>
    <Filter Include="Header Files\Canvas">
      <UniqueIdentifier>{7e3d947f-2598-4357-896e-a2fbf0016eef}</UniqueIdentifier>
    </Filter>
    <Filter Include="Source Files\Canvas">
      <UniqueIdentifier>{e6ea17cd-0208-4c49-96f1-85061766ec01}</UniqueIdentifier>
    </Filter>
  </ItemGroup>
  <ItemGroup>
    <ClCompile Include="lab4_v2.cpp">
      <Filter>Source Files</Filter>
    </ClCompile>
    <ClCompile Include="ShapeReader.cpp">
      <Filter>Source Files</Filter>
    </ClCompile>
    <ClCompile Include="ShapeUtils.cpp">
      <Filter>Source Files</Filter>
    </ClCompile>
    <ClCompile Include="CCircle.cpp">
      <Filter>Source Files\ShapeClasses</Filter>
    </ClCompile>
    <ClCompile Include="CLineSegment.cpp">
      <Filter>Source Files\ShapeClasses</Filter>
    </ClCompile>
    <ClCompile Include="CRectangle.cpp">
      <Filter>Source Files\ShapeClasses</Filter>
    </ClCompile>
    <ClCompile Include="CTriangle.cpp">
      <Filter>Source Files\ShapeClasses</Filter>
    </ClCompile>
    <ClCompile Include="SolidShape.cpp">
      <Filter>Source Files\ShapeClasses</Filter>
    </ClCompile>
    <ClCompile Include="Shape.cpp">
      <Filter>Source Files\ShapeClasses</Filter>
    </ClCompile>
    <ClCompile Include="CCanvas.cpp">
      <Filter>Source Files</Filter>
    </ClCompile>
    <ClCompile Include="DrawShapes.cpp">
      <Filter>Source Files</Filter>
    </ClCompile>
  </ItemGroup>
  <ItemGroup>
    <ClInclude Include="ShapeReader.h">
      <Filter>Header Files</Filter>
    </ClInclude>
    <ClInclude Include="ShapeUtils.h">
      <Filter>Header Files</Filter>
    </ClInclude>
    <ClInclude Include="CCircle.h">
      <Filter>Header Files\ShapeClasses</Filter>
    </ClInclude>
    <ClInclude Include="CLineSegment.h">
      <Filter>Header Files\ShapeClasses</Filter>
    </ClInclude>
    <ClInclude Include="CRectangle.h">
      <Filter>Header Files\ShapeClasses</Filter>
    </ClInclude>
    <ClInclude Include="CTriangle.h">
      <Filter>Header Files\ShapeClasses</Filter>
    </ClInclude>
    <ClInclude Include="Shape.h">
      <Filter>Header Files\ShapeClasses</Filter>
    </ClInclude>
    <ClInclude Include="SolidShape.h">
      <Filter>Header Files\ShapeClasses</Filter>
    </ClInclude>
    <ClInclude Include="CPoint.h">
      <Filter>Header Files\ShapeClasses</Filter>
    </ClInclude>
    <ClInclude Include="ICanvasDrawable.h">
      <Filter>Header Files\Canvas</Filter>
    </ClInclude>
    <ClInclude Include="ICanvas.h">
      <Filter>Header Files\Canvas</Filter>
    </ClInclude>
    <ClInclude Include="CCanvas.h">
      <Filter>Header Files\Canvas</Filter>
    </ClInclude>
    <ClInclude Include="Uint32ToRgb.h">
      <Filter>Header Files</Filter>
    </ClInclude>
    <ClInclude Include="DrawShapes.h">
      <Filter>Header Files</Filter>
    </ClInclude>
  </ItemGroup>
  <ItemGroup>
    <Text Include="test_file\test.txt" />
  </ItemGroup>
</Project>