
Microsoft Visual Studio Solution File, Format Version 12.00
# Visual Studio Version 17
VisualStudioVersion = 17.11.35222.181
MinimumVisualStudioVersion = 10.0.40219.1
Project("{8BC9CEB8-8B4A-11D0-8D11-00A0C91BC942}") = "lab5_2", "lab5_2.vcxproj", "{DE6A00A3-BC25-44D0-A923-FAFB3C8E7914}"
EndProject
Project("{8BC9CEB8-8B4A-11D0-8D11-00A0C91BC942}") = "lab5_2_tests", "lab5_2_tests\lab5_2_tests.vcxproj", "{6E0FC9C4-9B51-48B5-AE75-F953EB216CDD}"
EndProject
Global
	GlobalSection(SolutionConfigurationPlatforms) = preSolution
		Debug|x64 = Debug|x64
		Debug|x86 = Debug|x86
		Release|x64 = Release|x64
		Release|x86 = Release|x86
	EndGlobalSection
	GlobalSection(ProjectConfigurationPlatforms) = postSolution
		{DE6A00A3-BC25-44D0-A923-FAFB3C8E7914}.Debug|x64.ActiveCfg = Debug|x64
		{DE6A00A3-BC25-44D0-A923-FAFB3C8E7914}.Debug|x64.Build.0 = Debug|x64
		{DE6A00A3-BC25-44D0-A923-FAFB3C8E7914}.Debug|x86.ActiveCfg = Debug|Win32
		{DE6A00A3-BC25-44D0-A923-FAFB3C8E7914}.Debug|x86.Build.0 = Debug|Win32
		{DE6A00A3-BC25-44D0-A923-FAFB3C8E7914}.Release|x64.ActiveCfg = Release|x64
		{DE6A00A3-BC25-44D0-A923-FAFB3C8E7914}.Release|x64.Build.0 = Release|x64
		{DE6A00A3-BC25-44D0-A923-FAFB3C8E7914}.Release|x86.ActiveCfg = Release|Win32
		{DE6A00A3-BC25-44D0-A923-FAFB3C8E7914}.Release|x86.Build.0 = Release|Win32
		{6E0FC9C4-9B51-48B5-AE75-F953EB216CDD}.Debug|x64.ActiveCfg = Debug|x64
		{6E0FC9C4-9B51-48B5-AE75-F953EB216CDD}.Debug|x64.Build.0 = Debug|x64
		{6E0FC9C4-9B51-48B5-AE75-F953EB216CDD}.Debug|x86.ActiveCfg = Debug|Win32
		{6E0FC9C4-9B51-48B5-AE75-F953EB216CDD}.Debug|x86.Build.0 = Debug|Win32
		{6E0FC9C4-9B51-48B5-AE75-F953EB216CDD}.Release|x64.ActiveCfg = Release|x64
		{6E0FC9C4-9B51-48B5-AE75-F953EB216CDD}.Release|x64.Build.0 = Release|x64
		{6E0FC9C4-9B51-48B5-AE75-F953EB216CDD}.Release|x86.ActiveCfg = Release|Win32
		{6E0FC9C4-9B51-48B5-AE75-F953EB216CDD}.Release|x86.Build.0 = Release|Win32
	EndGlobalSection
	GlobalSection(SolutionProperties) = preSolution
		HideSolutionNode = FALSE
	EndGlobalSection
	GlobalSection(ExtensibilityGlobals) = postSolution
		SolutionGuid = {754B9065-3BE2-4AC6-860A-5ED1006CFED8}
	EndGlobalSection
EndGlobal
