
Microsoft Visual Studio Solution File, Format Version 12.00
# Visual Studio Version 17
VisualStudioVersion = 17.11.35222.181
MinimumVisualStudioVersion = 10.0.40219.1
Project("{8BC9CEB8-8B4A-11D0-8D11-00A0C91BC942}") = "lab2_6", "lab2_6.vcxproj", "{BD703847-E254-46B0-AD74-B4E37F742238}"
EndProject
Project("{8BC9CEB8-8B4A-11D0-8D11-00A0C91BC942}") = "lab2_6_tests", "lab2_6_tests\lab2_6_tests.vcxproj", "{ED49F873-BD69-47CB-A791-630D6988AC2C}"
EndProject
Global
	GlobalSection(SolutionConfigurationPlatforms) = preSolution
		Debug|x64 = Debug|x64
		Debug|x86 = Debug|x86
		Release|x64 = Release|x64
		Release|x86 = Release|x86
	EndGlobalSection
	GlobalSection(ProjectConfigurationPlatforms) = postSolution
		{BD703847-E254-46B0-AD74-B4E37F742238}.Debug|x64.ActiveCfg = Debug|x64
		{BD703847-E254-46B0-AD74-B4E37F742238}.Debug|x64.Build.0 = Debug|x64
		{BD703847-E254-46B0-AD74-B4E37F742238}.Debug|x86.ActiveCfg = Debug|Win32
		{BD703847-E254-46B0-AD74-B4E37F742238}.Debug|x86.Build.0 = Debug|Win32
		{BD703847-E254-46B0-AD74-B4E37F742238}.Release|x64.ActiveCfg = Release|x64
		{BD703847-E254-46B0-AD74-B4E37F742238}.Release|x64.Build.0 = Release|x64
		{BD703847-E254-46B0-AD74-B4E37F742238}.Release|x86.ActiveCfg = Release|Win32
		{BD703847-E254-46B0-AD74-B4E37F742238}.Release|x86.Build.0 = Release|Win32
		{ED49F873-BD69-47CB-A791-630D6988AC2C}.Debug|x64.ActiveCfg = Debug|x64
		{ED49F873-BD69-47CB-A791-630D6988AC2C}.Debug|x64.Build.0 = Debug|x64
		{ED49F873-BD69-47CB-A791-630D6988AC2C}.Debug|x86.ActiveCfg = Debug|Win32
		{ED49F873-BD69-47CB-A791-630D6988AC2C}.Debug|x86.Build.0 = Debug|Win32
		{ED49F873-BD69-47CB-A791-630D6988AC2C}.Release|x64.ActiveCfg = Release|x64
		{ED49F873-BD69-47CB-A791-630D6988AC2C}.Release|x64.Build.0 = Release|x64
		{ED49F873-BD69-47CB-A791-630D6988AC2C}.Release|x86.ActiveCfg = Release|Win32
		{ED49F873-BD69-47CB-A791-630D6988AC2C}.Release|x86.Build.0 = Release|Win32
	EndGlobalSection
	GlobalSection(SolutionProperties) = preSolution
		HideSolutionNode = FALSE
	EndGlobalSection
	GlobalSection(ExtensibilityGlobals) = postSolution
		SolutionGuid = {C5DBB7FD-D13F-4502-8C6E-3FB6D08B897D}
	EndGlobalSection
EndGlobal
